// !$*UTF8*$!
{
	archiveVersion = 1;
	classes = {
	};
	objectVersion = 46;
	objects = {

/* Begin PBXBuildFile section */
		6C0F70931B1CE1FE00798D63 /* AppDelegate.swift in Sources */ = {isa = PBXBuildFile; fileRef = 6C0F70921B1CE1FE00798D63 /* AppDelegate.swift */; };
		6C0F70971B1CE1FE00798D63 /* GameScene.swift in Sources */ = {isa = PBXBuildFile; fileRef = 6C0F70961B1CE1FE00798D63 /* GameScene.swift */; };
		6C0F70991B1CE1FE00798D63 /* GameViewController.swift in Sources */ = {isa = PBXBuildFile; fileRef = 6C0F70981B1CE1FE00798D63 /* GameViewController.swift */; };
		6C0F709C1B1CE1FE00798D63 /* Main.storyboard in Resources */ = {isa = PBXBuildFile; fileRef = 6C0F709A1B1CE1FE00798D63 /* Main.storyboard */; };
		6C0F709E1B1CE1FE00798D63 /* Images.xcassets in Resources */ = {isa = PBXBuildFile; fileRef = 6C0F709D1B1CE1FE00798D63 /* Images.xcassets */; };
		6C0F70A11B1CE1FE00798D63 /* LaunchScreen.xib in Resources */ = {isa = PBXBuildFile; fileRef = 6C0F709F1B1CE1FE00798D63 /* LaunchScreen.xib */; };
		6C0F70AD1B1CE1FE00798D63 /* SwiftrisTests.swift in Sources */ = {isa = PBXBuildFile; fileRef = 6C0F70AC1B1CE1FE00798D63 /* SwiftrisTests.swift */; };
		6C0F70B71B1CE65E00798D63 /* Sounds in Resources */ = {isa = PBXBuildFile; fileRef = 6C0F70B61B1CE65E00798D63 /* Sounds */; };
		6C0F70B91B1CE66700798D63 /* Sprites.atlas in Resources */ = {isa = PBXBuildFile; fileRef = 6C0F70B81B1CE66700798D63 /* Sprites.atlas */; };
		6C0F70C01B1CE69A00798D63 /* background.png in Resources */ = {isa = PBXBuildFile; fileRef = 6C0F70BA1B1CE69A00798D63 /* background.png */; };
		6C0F70C11B1CE69A00798D63 /* background@2x.png in Resources */ = {isa = PBXBuildFile; fileRef = 6C0F70BB1B1CE69A00798D63 /* background@2x.png */; };
		6C0F70C21B1CE69A00798D63 /* gameboard.png in Resources */ = {isa = PBXBuildFile; fileRef = 6C0F70BC1B1CE69A00798D63 /* gameboard.png */; };
		6C0F70C31B1CE69A00798D63 /* gameboard@2x.png in Resources */ = {isa = PBXBuildFile; fileRef = 6C0F70BD1B1CE69A00798D63 /* gameboard@2x.png */; };
		6C0F70C41B1CE69A00798D63 /* whitebg.png in Resources */ = {isa = PBXBuildFile; fileRef = 6C0F70BE1B1CE69A00798D63 /* whitebg.png */; };
		6C0F70C51B1CE69A00798D63 /* whitebg@2x.png in Resources */ = {isa = PBXBuildFile; fileRef = 6C0F70BF1B1CE69A00798D63 /* whitebg@2x.png */; };
/* End PBXBuildFile section */

/* Begin PBXContainerItemProxy section */
		6C0F70A71B1CE1FE00798D63 /* PBXContainerItemProxy */ = {
			isa = PBXContainerItemProxy;
			containerPortal = 6C0F70851B1CE1FE00798D63 /* Project object */;
			proxyType = 1;
			remoteGlobalIDString = 6C0F708C1B1CE1FE00798D63;
			remoteInfo = Swiftris;
		};
/* End PBXContainerItemProxy section */

/* Begin PBXFileReference section */
		6C0F708D1B1CE1FE00798D63 /* Swiftris.app */ = {isa = PBXFileReference; explicitFileType = wrapper.application; includeInIndex = 0; path = Swiftris.app; sourceTree = BUILT_PRODUCTS_DIR; };
		6C0F70911B1CE1FE00798D63 /* Info.plist */ = {isa = PBXFileReference; lastKnownFileType = text.plist.xml; path = Info.plist; sourceTree = "<group>"; };
		6C0F70921B1CE1FE00798D63 /* AppDelegate.swift */ = {isa = PBXFileReference; lastKnownFileType = sourcecode.swift; path = AppDelegate.swift; sourceTree = "<group>"; };
		6C0F70961B1CE1FE00798D63 /* GameScene.swift */ = {isa = PBXFileReference; lastKnownFileType = sourcecode.swift; path = GameScene.swift; sourceTree = "<group>"; };
		6C0F70981B1CE1FE00798D63 /* GameViewController.swift */ = {isa = PBXFileReference; lastKnownFileType = sourcecode.swift; path = GameViewController.swift; sourceTree = "<group>"; };
		6C0F709B1B1CE1FE00798D63 /* Base */ = {isa = PBXFileReference; lastKnownFileType = file.storyboard; name = Base; path = Base.lproj/Main.storyboard; sourceTree = "<group>"; };
		6C0F709D1B1CE1FE00798D63 /* Images.xcassets */ = {isa = PBXFileReference; lastKnownFileType = folder.assetcatalog; path = Images.xcassets; sourceTree = "<group>"; };
		6C0F70A01B1CE1FE00798D63 /* Base */ = {isa = PBXFileReference; lastKnownFileType = file.xib; name = Base; path = Base.lproj/LaunchScreen.xib; sourceTree = "<group>"; };
		6C0F70A61B1CE1FE00798D63 /* SwiftrisTests.xctest */ = {isa = PBXFileReference; explicitFileType = wrapper.cfbundle; includeInIndex = 0; path = SwiftrisTests.xctest; sourceTree = BUILT_PRODUCTS_DIR; };
		6C0F70AB1B1CE1FE00798D63 /* Info.plist */ = {isa = PBXFileReference; lastKnownFileType = text.plist.xml; path = Info.plist; sourceTree = "<group>"; };
		6C0F70AC1B1CE1FE00798D63 /* SwiftrisTests.swift */ = {isa = PBXFileReference; lastKnownFileType = sourcecode.swift; path = SwiftrisTests.swift; sourceTree = "<group>"; };
		6C0F70B61B1CE65E00798D63 /* Sounds */ = {isa = PBXFileReference; lastKnownFileType = folder; path = Sounds; sourceTree = "<group>"; };
		6C0F70B81B1CE66700798D63 /* Sprites.atlas */ = {isa = PBXFileReference; lastKnownFileType = folder.skatlas; path = Sprites.atlas; sourceTree = "<group>"; };
		6C0F70BA1B1CE69A00798D63 /* background.png */ = {isa = PBXFileReference; lastKnownFileType = image.png; path = background.png; sourceTree = "<group>"; };
		6C0F70BB1B1CE69A00798D63 /* background@2x.png */ = {isa = PBXFileReference; lastKnownFileType = image.png; path = "background@2x.png"; sourceTree = "<group>"; };
		6C0F70BC1B1CE69A00798D63 /* gameboard.png */ = {isa = PBXFileReference; lastKnownFileType = image.png; path = gameboard.png; sourceTree = "<group>"; };
		6C0F70BD1B1CE69A00798D63 /* gameboard@2x.png */ = {isa = PBXFileReference; lastKnownFileType = image.png; path = "gameboard@2x.png"; sourceTree = "<group>"; };
		6C0F70BE1B1CE69A00798D63 /* whitebg.png */ = {isa = PBXFileReference; lastKnownFileType = image.png; path = whitebg.png; sourceTree = "<group>"; };
		6C0F70BF1B1CE69A00798D63 /* whitebg@2x.png */ = {isa = PBXFileReference; lastKnownFileType = image.png; path = "whitebg@2x.png"; sourceTree = "<group>"; };
/* End PBXFileReference section */

/* Begin PBXFrameworksBuildPhase section */
		6C0F708A1B1CE1FE00798D63 /* Frameworks */ = {
			isa = PBXFrameworksBuildPhase;
			buildActionMask = 2147483647;
			files = (
			);
			runOnlyForDeploymentPostprocessing = 0;
		};
		6C0F70A31B1CE1FE00798D63 /* Frameworks */ = {
			isa = PBXFrameworksBuildPhase;
			buildActionMask = 2147483647;
			files = (
			);
			runOnlyForDeploymentPostprocessing = 0;
		};
/* End PBXFrameworksBuildPhase section */

/* Begin PBXGroup section */
		6C0F70841B1CE1FE00798D63 = {
			isa = PBXGroup;
			children = (
				6C0F708F1B1CE1FE00798D63 /* Swiftris */,
				6C0F70A91B1CE1FE00798D63 /* SwiftrisTests */,
				6C0F708E1B1CE1FE00798D63 /* Products */,
			);
			sourceTree = "<group>";
		};
		6C0F708E1B1CE1FE00798D63 /* Products */ = {
			isa = PBXGroup;
			children = (
				6C0F708D1B1CE1FE00798D63 /* Swiftris.app */,
				6C0F70A61B1CE1FE00798D63 /* SwiftrisTests.xctest */,
			);
			name = Products;
			sourceTree = "<group>";
		};
		6C0F708F1B1CE1FE00798D63 /* Swiftris */ = {
			isa = PBXGroup;
			children = (
				6C0F70921B1CE1FE00798D63 /* AppDelegate.swift */,
				6C0F70961B1CE1FE00798D63 /* GameScene.swift */,
				6C0F70981B1CE1FE00798D63 /* GameViewController.swift */,
				6C0F709A1B1CE1FE00798D63 /* Main.storyboard */,
				6C0F709D1B1CE1FE00798D63 /* Images.xcassets */,
				6C0F709F1B1CE1FE00798D63 /* LaunchScreen.xib */,
				6C0F70901B1CE1FE00798D63 /* Supporting Files */,
			);
			path = Swiftris;
			sourceTree = "<group>";
		};
		6C0F70901B1CE1FE00798D63 /* Supporting Files */ = {
			isa = PBXGroup;
			children = (
				6C0F70BA1B1CE69A00798D63 /* background.png */,
				6C0F70BB1B1CE69A00798D63 /* background@2x.png */,
				6C0F70BC1B1CE69A00798D63 /* gameboard.png */,
				6C0F70BD1B1CE69A00798D63 /* gameboard@2x.png */,
				6C0F70BE1B1CE69A00798D63 /* whitebg.png */,
				6C0F70BF1B1CE69A00798D63 /* whitebg@2x.png */,
				6C0F70B81B1CE66700798D63 /* Sprites.atlas */,
				6C0F70B61B1CE65E00798D63 /* Sounds */,
				6C0F70911B1CE1FE00798D63 /* Info.plist */,
			);
			name = "Supporting Files";
			sourceTree = "<group>";
		};
		6C0F70A91B1CE1FE00798D63 /* SwiftrisTests */ = {
			isa = PBXGroup;
			children = (
				6C0F70AC1B1CE1FE00798D63 /* SwiftrisTests.swift */,
				6C0F70AA1B1CE1FE00798D63 /* Supporting Files */,
			);
			path = SwiftrisTests;
			sourceTree = "<group>";
		};
		6C0F70AA1B1CE1FE00798D63 /* Supporting Files */ = {
			isa = PBXGroup;
			children = (
				6C0F70AB1B1CE1FE00798D63 /* Info.plist */,
			);
			name = "Supporting Files";
			sourceTree = "<group>";
		};
/* End PBXGroup section */

/* Begin PBXNativeTarget section */
		6C0F708C1B1CE1FE00798D63 /* Swiftris */ = {
			isa = PBXNativeTarget;
			buildConfigurationList = 6C0F70B01B1CE1FE00798D63 /* Build configuration list for PBXNativeTarget "Swiftris" */;
			buildPhases = (
				6C0F70891B1CE1FE00798D63 /* Sources */,
				6C0F708A1B1CE1FE00798D63 /* Frameworks */,
				6C0F708B1B1CE1FE00798D63 /* Resources */,
			);
			buildRules = (
			);
			dependencies = (
			);
			name = Swiftris;
			productName = Swiftris;
			productReference = 6C0F708D1B1CE1FE00798D63 /* Swiftris.app */;
			productType = "com.apple.product-type.application";
		};
		6C0F70A51B1CE1FE00798D63 /* SwiftrisTests */ = {
			isa = PBXNativeTarget;
			buildConfigurationList = 6C0F70B31B1CE1FE00798D63 /* Build configuration list for PBXNativeTarget "SwiftrisTests" */;
			buildPhases = (
				6C0F70A21B1CE1FE00798D63 /* Sources */,
				6C0F70A31B1CE1FE00798D63 /* Frameworks */,
				6C0F70A41B1CE1FE00798D63 /* Resources */,
			);
			buildRules = (
			);
			dependencies = (
				6C0F70A81B1CE1FE00798D63 /* PBXTargetDependency */,
			);
			name = SwiftrisTests;
			productName = SwiftrisTests;
			productReference = 6C0F70A61B1CE1FE00798D63 /* SwiftrisTests.xctest */;
			productType = "com.apple.product-type.bundle.unit-test";
		};
/* End PBXNativeTarget section */

/* Begin PBXProject section */
		6C0F70851B1CE1FE00798D63 /* Project object */ = {
			isa = PBXProject;
			attributes = {
				LastUpgradeCheck = 0630;
				ORGANIZATIONNAME = Bloc;
				TargetAttributes = {
					6C0F708C1B1CE1FE00798D63 = {
						CreatedOnToolsVersion = 6.3.2;
					};
					6C0F70A51B1CE1FE00798D63 = {
						CreatedOnToolsVersion = 6.3.2;
						TestTargetID = 6C0F708C1B1CE1FE00798D63;
					};
				};
			};
			buildConfigurationList = 6C0F70881B1CE1FE00798D63 /* Build configuration list for PBXProject "Swiftris" */;
			compatibilityVersion = "Xcode 3.2";
			developmentRegion = English;
			hasScannedForEncodings = 0;
			knownRegions = (
				en,
				Base,
			);
			mainGroup = 6C0F70841B1CE1FE00798D63;
			productRefGroup = 6C0F708E1B1CE1FE00798D63 /* Products */;
			projectDirPath = "";
			projectRoot = "";
			targets = (
				6C0F708C1B1CE1FE00798D63 /* Swiftris */,
				6C0F70A51B1CE1FE00798D63 /* SwiftrisTests */,
			);
		};
/* End PBXProject section */

/* Begin PBXResourcesBuildPhase section */
		6C0F708B1B1CE1FE00798D63 /* Resources */ = {
			isa = PBXResourcesBuildPhase;
			buildActionMask = 2147483647;
			files = (
				6C0F70C31B1CE69A00798D63 /* gameboard@2x.png in Resources */,
				6C0F70A11B1CE1FE00798D63 /* LaunchScreen.xib in Resources */,
				6C0F70C01B1CE69A00798D63 /* background.png in Resources */,
				6C0F70C21B1CE69A00798D63 /* gameboard.png in Resources */,
				6C0F709E1B1CE1FE00798D63 /* Images.xcassets in Resources */,
				6C0F70C11B1CE69A00798D63 /* background@2x.png in Resources */,
				6C0F70B71B1CE65E00798D63 /* Sounds in Resources */,
				6C0F709C1B1CE1FE00798D63 /* Main.storyboard in Resources */,
				6C0F70C41B1CE69A00798D63 /* whitebg.png in Resources */,
				6C0F70C51B1CE69A00798D63 /* whitebg@2x.png in Resources */,
				6C0F70B91B1CE66700798D63 /* Sprites.atlas in Resources */,
			);
			runOnlyForDeploymentPostprocessing = 0;
		};
		6C0F70A41B1CE1FE00798D63 /* Resources */ = {
			isa = PBXResourcesBuildPhase;
			buildActionMask = 2147483647;
			files = (
			);
			runOnlyForDeploymentPostprocessing = 0;
		};
/* End PBXResourcesBuildPhase section */

/* Begin PBXSourcesBuildPhase section */
		6C0F70891B1CE1FE00798D63 /* Sources */ = {
			isa = PBXSourcesBuildPhase;
			buildActionMask = 2147483647;
			files = (
				6C0F70971B1CE1FE00798D63 /* GameScene.swift in Sources */,
				6C0F70991B1CE1FE00798D63 /* GameViewController.swift in Sources */,
				6C0F70931B1CE1FE00798D63 /* AppDelegate.swift in Sources */,
			);
			runOnlyForDeploymentPostprocessing = 0;
		};
		6C0F70A21B1CE1FE00798D63 /* Sources */ = {
			isa = PBXSourcesBuildPhase;
			buildActionMask = 2147483647;
			files = (
				6C0F70AD1B1CE1FE00798D63 /* SwiftrisTests.swift in Sources */,
			);
			runOnlyForDeploymentPostprocessing = 0;
		};
/* End PBXSourcesBuildPhase section */

/* Begin PBXTargetDependency section */
		6C0F70A81B1CE1FE00798D63 /* PBXTargetDependency */ = {
			isa = PBXTargetDependency;
			target = 6C0F708C1B1CE1FE00798D63 /* Swiftris */;
			targetProxy = 6C0F70A71B1CE1FE00798D63 /* PBXContainerItemProxy */;
		};
/* End PBXTargetDependency section */

/* Begin PBXVariantGroup section */
		6C0F709A1B1CE1FE00798D63 /* Main.storyboard */ = {
			isa = PBXVariantGroup;
			children = (
				6C0F709B1B1CE1FE00798D63 /* Base */,
			);
			name = Main.storyboard;
			sourceTree = "<group>";
		};
		6C0F709F1B1CE1FE00798D63 /* LaunchScreen.xib */ = {
			isa = PBXVariantGroup;
			children = (
				6C0F70A01B1CE1FE00798D63 /* Base */,
			);
			name = LaunchScreen.xib;
			sourceTree = "<group>";
		};
/* End PBXVariantGroup section */

/* Begin XCBuildConfiguration section */
		6C0F70AE1B1CE1FE00798D63 /* Debug */ = {
			isa = XCBuildConfiguration;
			buildSettings = {
				ALWAYS_SEARCH_USER_PATHS = NO;
				CLANG_CXX_LANGUAGE_STANDARD = "gnu++0x";
				CLANG_CXX_LIBRARY = "libc++";
				CLANG_ENABLE_MODULES = YES;
				CLANG_ENABLE_OBJC_ARC = YES;
				CLANG_WARN_BOOL_CONVERSION = YES;
				CLANG_WARN_CONSTANT_CONVERSION = YES;
				CLANG_WARN_DIRECT_OBJC_ISA_USAGE = YES_ERROR;
				CLANG_WARN_EMPTY_BODY = YES;
				CLANG_WARN_ENUM_CONVERSION = YES;
				CLANG_WARN_INT_CONVERSION = YES;
				CLANG_WARN_OBJC_ROOT_CLASS = YES_ERROR;
				CLANG_WARN_UNREACHABLE_CODE = YES;
				CLANG_WARN__DUPLICATE_METHOD_MATCH = YES;
				"CODE_SIGN_IDENTITY[sdk=iphoneos*]" = "iPhone Developer";
				COPY_PHASE_STRIP = NO;
				DEBUG_INFORMATION_FORMAT = "dwarf-with-dsym";
				ENABLE_STRICT_OBJC_MSGSEND = YES;
				GCC_C_LANGUAGE_STANDARD = gnu99;
				GCC_DYNAMIC_NO_PIC = NO;
				GCC_NO_COMMON_BLOCKS = YES;
				GCC_OPTIMIZATION_LEVEL = 0;
				GCC_PREPROCESSOR_DEFINITIONS = (
					"DEBUG=1",
					"$(inherited)",
				);
				GCC_SYMBOLS_PRIVATE_EXTERN = NO;
				GCC_WARN_64_TO_32_BIT_CONVERSION = YES;
				GCC_WARN_ABOUT_RETURN_TYPE = YES_ERROR;
				GCC_WARN_UNDECLARED_SELECTOR = YES;
				GCC_WARN_UNINITIALIZED_AUTOS = YES_AGGRESSIVE;
				GCC_WARN_UNUSED_FUNCTION = YES;
				GCC_WARN_UNUSED_VARIABLE = YES;
				IPHONEOS_DEPLOYMENT_TARGET = 8.3;
				MTL_ENABLE_DEBUG_INFO = YES;
				ONLY_ACTIVE_ARCH = YES;
				SDKROOT = iphoneos;
				SWIFT_OPTIMIZATION_LEVEL = "-Onone";
			};
			name = Debug;
		};
		6C0F70AF1B1CE1FE00798D63 /* Release */ = {
			isa = XCBuildConfiguration;
			buildSettings = {
				ALWAYS_SEARCH_USER_PATHS = NO;
				CLANG_CXX_LANGUAGE_STANDARD = "gnu++0x";
				CLANG_CXX_LIBRARY = "libc++";
				CLANG_ENABLE_MODULES = YES;
				CLANG_ENABLE_OBJC_ARC = YES;
				CLANG_WARN_BOOL_CONVERSION = YES;
				CLANG_WARN_CONSTANT_CONVERSION = YES;
				CLANG_WARN_DIRECT_OBJC_ISA_USAGE = YES_ERROR;
				CLANG_WARN_EMPTY_BODY = YES;
				CLANG_WARN_ENUM_CONVERSION = YES;
				CLANG_WARN_INT_CONVERSION = YES;
				CLANG_WARN_OBJC_ROOT_CLASS = YES_ERROR;
				CLANG_WARN_UNREACHABLE_CODE = YES;
				CLANG_WARN__DUPLICATE_METHOD_MATCH = YES;
				"CODE_SIGN_IDENTITY[sdk=iphoneos*]" = "iPhone Developer";
				COPY_PHASE_STRIP = NO;
				DEBUG_INFORMATION_FORMAT = "dwarf-with-dsym";
				ENABLE_NS_ASSERTIONS = NO;
				ENABLE_STRICT_OBJC_MSGSEND = YES;
				GCC_C_LANGUAGE_STANDARD = gnu99;
				GCC_NO_COMMON_BLOCKS = YES;
				GCC_WARN_64_TO_32_BIT_CONVERSION = YES;
				GCC_WARN_ABOUT_RETURN_TYPE = YES_ERROR;
				GCC_WARN_UNDECLARED_SELECTOR = YES;
				GCC_WARN_UNINITIALIZED_AUTOS = YES_AGGRESSIVE;
				GCC_WARN_UNUSED_FUNCTION = YES;
				GCC_WARN_UNUSED_VARIABLE = YES;
				IPHONEOS_DEPLOYMENT_TARGET = 8.3;
				MTL_ENABLE_DEBUG_INFO = NO;
				SDKROOT = iphoneos;
				VALIDATE_PRODUCT = YES;
			};
			name = Release;
		};
		6C0F70B11B1CE1FE00798D63 /* Debug */ = {
			isa = XCBuildConfiguration;
			buildSettings = {
				ASSETCATALOG_COMPILER_APPICON_NAME = AppIcon;
				INFOPLIST_FILE = Swiftris/Info.plist;
				LD_RUNPATH_SEARCH_PATHS = "$(inherited) @executable_path/Frameworks";
				PRODUCT_NAME = "$(TARGET_NAME)";
			};
			name = Debug;
		};
		6C0F70B21B1CE1FE00798D63 /* Release */ = {
			isa = XCBuildConfiguration;
			buildSettings = {
				ASSETCATALOG_COMPILER_APPICON_NAME = AppIcon;
				INFOPLIST_FILE = Swiftris/Info.plist;
				LD_RUNPATH_SEARCH_PATHS = "$(inherited) @executable_path/Frameworks";
				PRODUCT_NAME = "$(TARGET_NAME)";
			};
			name = Release;
		};
		6C0F70B41B1CE1FE00798D63 /* Debug */ = {
			isa = XCBuildConfiguration;
			buildSettings = {
				BUNDLE_LOADER = "$(TEST_HOST)";
				FRAMEWORK_SEARCH_PATHS = (
					"$(SDKROOT)/Developer/Library/Frameworks",
					"$(inherited)",
				);
				GCC_PREPROCESSOR_DEFINITIONS = (
					"DEBUG=1",
					"$(inherited)",
				);
				INFOPLIST_FILE = SwiftrisTests/Info.plist;
				LD_RUNPATH_SEARCH_PATHS = "$(inherited) @executable_path/Frameworks @loader_path/Frameworks";
				PRODUCT_NAME = "$(TARGET_NAME)";
				TEST_HOST = "$(BUILT_PRODUCTS_DIR)/Swiftris.app/Swiftris";
			};
			name = Debug;
		};
		6C0F70B51B1CE1FE00798D63 /* Release */ = {
			isa = XCBuildConfiguration;
			buildSettings = {
				BUNDLE_LOADER = "$(TEST_HOST)";
				FRAMEWORK_SEARCH_PATHS = (
					"$(SDKROOT)/Developer/Library/Frameworks",
					"$(inherited)",
				);
				INFOPLIST_FILE = SwiftrisTests/Info.plist;
				LD_RUNPATH_SEARCH_PATHS = "$(inherited) @executable_path/Frameworks @loader_path/Frameworks";
				PRODUCT_NAME = "$(TARGET_NAME)";
				TEST_HOST = "$(BUILT_PRODUCTS_DIR)/Swiftris.app/Swiftris";
			};
			name = Release;
		};
/* End XCBuildConfiguration section */

/* Begin XCConfigurationList section */
		6C0F70881B1CE1FE00798D63 /* Build configuration list for PBXProject "Swiftris" */ = {
			isa = XCConfigurationList;
			buildConfigurations = (
				6C0F70AE1B1CE1FE00798D63 /* Debug */,
				6C0F70AF1B1CE1FE00798D63 /* Release */,
			);
			defaultConfigurationIsVisible = 0;
			defaultConfigurationName = Release;
		};
		6C0F70B01B1CE1FE00798D63 /* Build configuration list for PBXNativeTarget "Swiftris" */ = {
			isa = XCConfigurationList;
			buildConfigurations = (
				6C0F70B11B1CE1FE00798D63 /* Debug */,
				6C0F70B21B1CE1FE00798D63 /* Release */,
			);
			defaultConfigurationIsVisible = 0;
		};
		6C0F70B31B1CE1FE00798D63 /* Build configuration list for PBXNativeTarget "SwiftrisTests" */ = {
			isa = XCConfigurationList;
			buildConfigurations = (
				6C0F70B41B1CE1FE00798D63 /* Debug */,
				6C0F70B51B1CE1FE00798D63 /* Release */,
			);
			defaultConfigurationIsVisible = 0;
		};
/* End XCConfigurationList section */
	};
	rootObject = 6C0F70851B1CE1FE00798D63 /* Project object */;
}
